
Microsoft Visual Studio Solution File, Format Version 12.00
# Visual Studio Version 16
VisualStudioVersion = 16.0.31702.278
MinimumVisualStudioVersion = 10.0.40219.1
Project("{FAE04EC0-301F-11D3-BF4B-00C04F79EFBC}") = "Ejercicio I02", "Ejercicio I02\Ejercicio I02.csproj", "{04574D27-A87D-415D-A916-5CD03D7F0107}"
EndProject
Project("{FAE04EC0-301F-11D3-BF4B-00C04F79EFBC}") = "Biblioteca", "Biblioteca\Biblioteca.csproj", "{4945F1FE-DA3A-4343-B5E3-6919A7541D8B}"
EndProject
Global
	GlobalSection(SolutionConfigurationPlatforms) = preSolution
		Debug|Any CPU = Debug|Any CPU
		Release|Any CPU = Release|Any CPU
	EndGlobalSection
	GlobalSection(ProjectConfigurationPlatforms) = postSolution
		{04574D27-A87D-415D-A916-5CD03D7F0107}.Debug|Any CPU.ActiveCfg = Debug|Any CPU
		{04574D27-A87D-415D-A916-5CD03D7F0107}.Debug|Any CPU.Build.0 = Debug|Any CPU
		{04574D27-A87D-415D-A916-5CD03D7F0107}.Release|Any CPU.ActiveCfg = Release|Any CPU
		{04574D27-A87D-415D-A916-5CD03D7F0107}.Release|Any CPU.Build.0 = Release|Any CPU
		{4945F1FE-DA3A-4343-B5E3-6919A7541D8B}.Debug|Any CPU.ActiveCfg = Debug|Any CPU
		{4945F1FE-DA3A-4343-B5E3-6919A7541D8B}.Debug|Any CPU.Build.0 = Debug|Any CPU
		{4945F1FE-DA3A-4343-B5E3-6919A7541D8B}.Release|Any CPU.ActiveCfg = Release|Any CPU
		{4945F1FE-DA3A-4343-B5E3-6919A7541D8B}.Release|Any CPU.Build.0 = Release|Any CPU
	EndGlobalSection
	GlobalSection(SolutionProperties) = preSolution
		HideSolutionNode = FALSE
	EndGlobalSection
	GlobalSection(ExtensibilityGlobals) = postSolution
		SolutionGuid = {09868555-A3DC-4AD4-834D-5315F856FC34}
	EndGlobalSection
EndGlobal
