
Microsoft Visual Studio Solution File, Format Version 12.00
# Visual Studio Version 16
VisualStudioVersion = 16.0.31613.86
MinimumVisualStudioVersion = 10.0.40219.1
Project("{FAE04EC0-301F-11D3-BF4B-00C04F79EFBC}") = "Ejercicio1", "Ejercicio1\Ejercicio1.csproj", "{F888FC19-D892-4713-AB36-F45E0AD39B89}"
EndProject
Project("{FAE04EC0-301F-11D3-BF4B-00C04F79EFBC}") = "Biblioteca", "Biblioteca\Biblioteca.csproj", "{11E3FB9D-BAC2-4720-A53C-EBAA45BA7B7B}"
EndProject
Global
	GlobalSection(SolutionConfigurationPlatforms) = preSolution
		Debug|Any CPU = Debug|Any CPU
		Release|Any CPU = Release|Any CPU
	EndGlobalSection
	GlobalSection(ProjectConfigurationPlatforms) = postSolution
		{F888FC19-D892-4713-AB36-F45E0AD39B89}.Debug|Any CPU.ActiveCfg = Debug|Any CPU
		{F888FC19-D892-4713-AB36-F45E0AD39B89}.Debug|Any CPU.Build.0 = Debug|Any CPU
		{F888FC19-D892-4713-AB36-F45E0AD39B89}.Release|Any CPU.ActiveCfg = Release|Any CPU
		{F888FC19-D892-4713-AB36-F45E0AD39B89}.Release|Any CPU.Build.0 = Release|Any CPU
		{11E3FB9D-BAC2-4720-A53C-EBAA45BA7B7B}.Debug|Any CPU.ActiveCfg = Debug|Any CPU
		{11E3FB9D-BAC2-4720-A53C-EBAA45BA7B7B}.Debug|Any CPU.Build.0 = Debug|Any CPU
		{11E3FB9D-BAC2-4720-A53C-EBAA45BA7B7B}.Release|Any CPU.ActiveCfg = Release|Any CPU
		{11E3FB9D-BAC2-4720-A53C-EBAA45BA7B7B}.Release|Any CPU.Build.0 = Release|Any CPU
	EndGlobalSection
	GlobalSection(SolutionProperties) = preSolution
		HideSolutionNode = FALSE
	EndGlobalSection
	GlobalSection(ExtensibilityGlobals) = postSolution
		SolutionGuid = {7539DF06-573E-4E05-823A-07AD74F963E7}
	EndGlobalSection
EndGlobal
