
Microsoft Visual Studio Solution File, Format Version 12.00
# Visual Studio Version 16
VisualStudioVersion = 16.0.31613.86
MinimumVisualStudioVersion = 10.0.40219.1
Project("{FAE04EC0-301F-11D3-BF4B-00C04F79EFBC}") = "Ejercicio3", "Ejercicio3\Ejercicio3.csproj", "{17F88419-FAC6-44DB-8ADC-BEA0CEE57A62}"
EndProject
Project("{FAE04EC0-301F-11D3-BF4B-00C04F79EFBC}") = "Biblioteca", "Biblioteca\Biblioteca.csproj", "{5032D987-93C3-48B5-8675-A92A70EC7F55}"
EndProject
Global
	GlobalSection(SolutionConfigurationPlatforms) = preSolution
		Debug|Any CPU = Debug|Any CPU
		Release|Any CPU = Release|Any CPU
	EndGlobalSection
	GlobalSection(ProjectConfigurationPlatforms) = postSolution
		{17F88419-FAC6-44DB-8ADC-BEA0CEE57A62}.Debug|Any CPU.ActiveCfg = Debug|Any CPU
		{17F88419-FAC6-44DB-8ADC-BEA0CEE57A62}.Debug|Any CPU.Build.0 = Debug|Any CPU
		{17F88419-FAC6-44DB-8ADC-BEA0CEE57A62}.Release|Any CPU.ActiveCfg = Release|Any CPU
		{17F88419-FAC6-44DB-8ADC-BEA0CEE57A62}.Release|Any CPU.Build.0 = Release|Any CPU
		{5032D987-93C3-48B5-8675-A92A70EC7F55}.Debug|Any CPU.ActiveCfg = Debug|Any CPU
		{5032D987-93C3-48B5-8675-A92A70EC7F55}.Debug|Any CPU.Build.0 = Debug|Any CPU
		{5032D987-93C3-48B5-8675-A92A70EC7F55}.Release|Any CPU.ActiveCfg = Release|Any CPU
		{5032D987-93C3-48B5-8675-A92A70EC7F55}.Release|Any CPU.Build.0 = Release|Any CPU
	EndGlobalSection
	GlobalSection(SolutionProperties) = preSolution
		HideSolutionNode = FALSE
	EndGlobalSection
	GlobalSection(ExtensibilityGlobals) = postSolution
		SolutionGuid = {D02769C1-093D-4C0D-A4F5-A88F65E949C2}
	EndGlobalSection
EndGlobal
